
Microsoft Visual Studio Solution File, Format Version 10.00
# Visual Studio 2008
Project("{FAE04EC0-301F-11D3-BF4B-00C04F79EFBC}") = "NHWebConsole", "NHWebConsole\NHWebConsole.csproj", "{277DC89B-4206-4AC2-BBD1-1DCC9B3365CD}"
EndProject
Project("{FAE04EC0-301F-11D3-BF4B-00C04F79EFBC}") = "SampleModel", "SampleModel\SampleModel.csproj", "{02B7AA12-7A0B-4410-9B4B-8CD6BEE05FFE}"
EndProject
Global
	GlobalSection(SolutionConfigurationPlatforms) = preSolution
		Debug|Any CPU = Debug|Any CPU
		Debug|x86 = Debug|x86
		Release|Any CPU = Release|Any CPU
		Release|x86 = Release|x86
	EndGlobalSection
	GlobalSection(ProjectConfigurationPlatforms) = postSolution
		{277DC89B-4206-4AC2-BBD1-1DCC9B3365CD}.Debug|Any CPU.ActiveCfg = Debug|Any CPU
		{277DC89B-4206-4AC2-BBD1-1DCC9B3365CD}.Debug|Any CPU.Build.0 = Debug|Any CPU
		{277DC89B-4206-4AC2-BBD1-1DCC9B3365CD}.Debug|x86.ActiveCfg = Debug|Any CPU
		{277DC89B-4206-4AC2-BBD1-1DCC9B3365CD}.Debug|x86.Build.0 = Debug|Any CPU
		{277DC89B-4206-4AC2-BBD1-1DCC9B3365CD}.Release|Any CPU.ActiveCfg = Release|Any CPU
		{277DC89B-4206-4AC2-BBD1-1DCC9B3365CD}.Release|Any CPU.Build.0 = Release|Any CPU
		{277DC89B-4206-4AC2-BBD1-1DCC9B3365CD}.Release|x86.ActiveCfg = Release|Any CPU
		{277DC89B-4206-4AC2-BBD1-1DCC9B3365CD}.Release|x86.Build.0 = Release|Any CPU
		{02B7AA12-7A0B-4410-9B4B-8CD6BEE05FFE}.Debug|Any CPU.ActiveCfg = Debug|Any CPU
		{02B7AA12-7A0B-4410-9B4B-8CD6BEE05FFE}.Debug|Any CPU.Build.0 = Debug|Any CPU
		{02B7AA12-7A0B-4410-9B4B-8CD6BEE05FFE}.Debug|x86.ActiveCfg = Debug|Any CPU
		{02B7AA12-7A0B-4410-9B4B-8CD6BEE05FFE}.Release|Any CPU.ActiveCfg = Release|Any CPU
		{02B7AA12-7A0B-4410-9B4B-8CD6BEE05FFE}.Release|Any CPU.Build.0 = Release|Any CPU
		{02B7AA12-7A0B-4410-9B4B-8CD6BEE05FFE}.Release|x86.ActiveCfg = Release|Any CPU
	EndGlobalSection
	GlobalSection(SolutionProperties) = preSolution
		HideSolutionNode = FALSE
	EndGlobalSection
EndGlobal
